
Microsoft Visual Studio Solution File, Format Version 11.00
# Visual Studio 2010
Project("{8BC9CEB8-8B4A-11D0-8D11-00A0C91BC942}") = "client_server", "client_server\client_server.vcxproj", "{AE6F00A3-6DAD-4C34-99BF-8D4FF26D3DC6}"
EndProject
Global
	GlobalSection(SolutionConfigurationPlatforms) = preSolution
		Debug|Win32 = Debug|Win32
		Release|Win32 = Release|Win32
	EndGlobalSection
	GlobalSection(ProjectConfigurationPlatforms) = postSolution
		{AE6F00A3-6DAD-4C34-99BF-8D4FF26D3DC6}.Debug|Win32.ActiveCfg = Debug|Win32
		{AE6F00A3-6DAD-4C34-99BF-8D4FF26D3DC6}.Debug|Win32.Build.0 = Debug|Win32
		{AE6F00A3-6DAD-4C34-99BF-8D4FF26D3DC6}.Release|Win32.ActiveCfg = Release|Win32
		{AE6F00A3-6DAD-4C34-99BF-8D4FF26D3DC6}.Release|Win32.Build.0 = Release|Win32
	EndGlobalSection
	GlobalSection(SolutionProperties) = preSolution
		HideSolutionNode = FALSE
	EndGlobalSection
EndGlobal
